
Microsoft Visual Studio Solution File, Format Version 12.00
# Visual Studio Version 16
VisualStudioVersion = 16.0.31727.386
MinimumVisualStudioVersion = 10.0.40219.1
Project("{FAE04EC0-301F-11D3-BF4B-00C04F79EFBC}") = "geo_fce", "geo_fce\geo_fce.csproj", "{4C3C6015-8BAD-4527-9272-9C7802D26874}"
EndProject
Global
	GlobalSection(SolutionConfigurationPlatforms) = preSolution
		Debug|Any CPU = Debug|Any CPU
		Release|Any CPU = Release|Any CPU
	EndGlobalSection
	GlobalSection(ProjectConfigurationPlatforms) = postSolution
		{4C3C6015-8BAD-4527-9272-9C7802D26874}.Debug|Any CPU.ActiveCfg = Debug|Any CPU
		{4C3C6015-8BAD-4527-9272-9C7802D26874}.Debug|Any CPU.Build.0 = Debug|Any CPU
		{4C3C6015-8BAD-4527-9272-9C7802D26874}.Release|Any CPU.ActiveCfg = Release|Any CPU
		{4C3C6015-8BAD-4527-9272-9C7802D26874}.Release|Any CPU.Build.0 = Release|Any CPU
	EndGlobalSection
	GlobalSection(SolutionProperties) = preSolution
		HideSolutionNode = FALSE
	EndGlobalSection
	GlobalSection(ExtensibilityGlobals) = postSolution
		SolutionGuid = {8D512731-B90C-443B-ACA5-0968E3016C3E}
	EndGlobalSection
EndGlobal
